
Microsoft Visual Studio Solution File, Format Version 12.00
# Visual Studio Version 16
VisualStudioVersion = 16.0.33214.272
MinimumVisualStudioVersion = 10.0.40219.1
Project("{9A19103F-16F7-4668-BE54-9A1E7A4F7556}") = "Project2_Group4", "Project2_Group4\Project2_Group4.csproj", "{7A35C9FE-18BB-4553-8F86-2F6BB8780E47}"
EndProject
Global
	GlobalSection(SolutionConfigurationPlatforms) = preSolution
		Debug|Any CPU = Debug|Any CPU
		Release|Any CPU = Release|Any CPU
	EndGlobalSection
	GlobalSection(ProjectConfigurationPlatforms) = postSolution
		{7A35C9FE-18BB-4553-8F86-2F6BB8780E47}.Debug|Any CPU.ActiveCfg = Debug|Any CPU
		{7A35C9FE-18BB-4553-8F86-2F6BB8780E47}.Debug|Any CPU.Build.0 = Debug|Any CPU
		{7A35C9FE-18BB-4553-8F86-2F6BB8780E47}.Release|Any CPU.ActiveCfg = Release|Any CPU
		{7A35C9FE-18BB-4553-8F86-2F6BB8780E47}.Release|Any CPU.Build.0 = Release|Any CPU
	EndGlobalSection
	GlobalSection(SolutionProperties) = preSolution
		HideSolutionNode = FALSE
	EndGlobalSection
	GlobalSection(ExtensibilityGlobals) = postSolution
		SolutionGuid = {23DB1785-A0C4-4CAC-824C-CED933A99678}
	EndGlobalSection
EndGlobal
